
Microsoft Visual Studio Solution File, Format Version 12.00
# Visual Studio 15
VisualStudioVersion = 15.0.27428.2015
MinimumVisualStudioVersion = 10.0.40219.1
Project("{9A19103F-16F7-4668-BE54-9A1E7A4F7556}") = "Sayranet.WebRTC.Signaling", "Signaling\Sayranet.WebRTC.Signaling.csproj", "{1F295886-509F-4FBC-B531-7C9EE2B815D3}"
EndProject
Project("{9A19103F-16F7-4668-BE54-9A1E7A4F7556}") = "Sayranet.WebRTC.WebReact", "Web\Sayranet.WebRTC.WebReact.csproj", "{D18CE096-29F0-4079-A80B-0F1F2F076241}"
EndProject
Project("{FAE04EC0-301F-11D3-BF4B-00C04F79EFBC}") = "Sayranet.WebRTC.Mobile.Android", "Mobile\Sayranet.WebRTC.Mobile.Android\Sayranet.WebRTC.Mobile.Android.csproj", "{08FDEBD6-AB71-4D72-9868-EB715215C19A}"
EndProject
Project("{FAE04EC0-301F-11D3-BF4B-00C04F79EFBC}") = "Sayranet.WebRTC.Mobile.iOS", "Mobile\Sayranet.WebRTC.Mobile.iOS\Sayranet.WebRTC.Mobile.iOS.csproj", "{7FE63E0C-A483-475F-81FC-DB5DCBA7C8FF}"
EndProject
Project("{FAE04EC0-301F-11D3-BF4B-00C04F79EFBC}") = "Sayranet.WebRTC.Mobile.UWP", "Mobile\Sayranet.WebRTC.Mobile.UWP\Sayranet.WebRTC.Mobile.UWP.csproj", "{5AFD6CEF-6672-4E25-97B3-2BC412299C92}"
EndProject
Project("{9A19103F-16F7-4668-BE54-9A1E7A4F7556}") = "Sayranet.WebRTC.Mobile", "Mobile\Sayranet.WebRTC.Mobile\Sayranet.WebRTC.Mobile.csproj", "{1CEBE1FA-E1CD-42D8-815E-D5B7BD3428B3}"
EndProject
Project("{FAE04EC0-301F-11D3-BF4B-00C04F79EFBC}") = "Sayranet.WebRTC.Common", "Sayranet.WebRTC.Common\Sayranet.WebRTC.Common.csproj", "{D315789C-6C77-46E2-BE13-E91A37BBB724}"
EndProject
Global
	GlobalSection(SolutionConfigurationPlatforms) = preSolution
		Ad-Hoc|Any CPU = Ad-Hoc|Any CPU
		Ad-Hoc|ARM = Ad-Hoc|ARM
		Ad-Hoc|iPhone = Ad-Hoc|iPhone
		Ad-Hoc|iPhoneSimulator = Ad-Hoc|iPhoneSimulator
		Ad-Hoc|x64 = Ad-Hoc|x64
		Ad-Hoc|x86 = Ad-Hoc|x86
		AppStore|Any CPU = AppStore|Any CPU
		AppStore|ARM = AppStore|ARM
		AppStore|iPhone = AppStore|iPhone
		AppStore|iPhoneSimulator = AppStore|iPhoneSimulator
		AppStore|x64 = AppStore|x64
		AppStore|x86 = AppStore|x86
		Debug|Any CPU = Debug|Any CPU
		Debug|ARM = Debug|ARM
		Debug|iPhone = Debug|iPhone
		Debug|iPhoneSimulator = Debug|iPhoneSimulator
		Debug|x64 = Debug|x64
		Debug|x86 = Debug|x86
		Release|Any CPU = Release|Any CPU
		Release|ARM = Release|ARM
		Release|iPhone = Release|iPhone
		Release|iPhoneSimulator = Release|iPhoneSimulator
		Release|x64 = Release|x64
		Release|x86 = Release|x86
	EndGlobalSection
	GlobalSection(ProjectConfigurationPlatforms) = postSolution
		{1F295886-509F-4FBC-B531-7C9EE2B815D3}.Ad-Hoc|Any CPU.ActiveCfg = Release|Any CPU
		{1F295886-509F-4FBC-B531-7C9EE2B815D3}.Ad-Hoc|Any CPU.Build.0 = Release|Any CPU
		{1F295886-509F-4FBC-B531-7C9EE2B815D3}.Ad-Hoc|ARM.ActiveCfg = Release|Any CPU
		{1F295886-509F-4FBC-B531-7C9EE2B815D3}.Ad-Hoc|ARM.Build.0 = Release|Any CPU
		{1F295886-509F-4FBC-B531-7C9EE2B815D3}.Ad-Hoc|iPhone.ActiveCfg = Release|Any CPU
		{1F295886-509F-4FBC-B531-7C9EE2B815D3}.Ad-Hoc|iPhone.Build.0 = Release|Any CPU
		{1F295886-509F-4FBC-B531-7C9EE2B815D3}.Ad-Hoc|iPhoneSimulator.ActiveCfg = Release|Any CPU
		{1F295886-509F-4FBC-B531-7C9EE2B815D3}.Ad-Hoc|iPhoneSimulator.Build.0 = Release|Any CPU
		{1F295886-509F-4FBC-B531-7C9EE2B815D3}.Ad-Hoc|x64.ActiveCfg = Release|Any CPU
		{1F295886-509F-4FBC-B531-7C9EE2B815D3}.Ad-Hoc|x64.Build.0 = Release|Any CPU
		{1F295886-509F-4FBC-B531-7C9EE2B815D3}.Ad-Hoc|x86.ActiveCfg = Release|Any CPU
		{1F295886-509F-4FBC-B531-7C9EE2B815D3}.Ad-Hoc|x86.Build.0 = Release|Any CPU
		{1F295886-509F-4FBC-B531-7C9EE2B815D3}.AppStore|Any CPU.ActiveCfg = Release|Any CPU
		{1F295886-509F-4FBC-B531-7C9EE2B815D3}.AppStore|Any CPU.Build.0 = Release|Any CPU
		{1F295886-509F-4FBC-B531-7C9EE2B815D3}.AppStore|ARM.ActiveCfg = Release|Any CPU
		{1F295886-509F-4FBC-B531-7C9EE2B815D3}.AppStore|ARM.Build.0 = Release|Any CPU
		{1F295886-509F-4FBC-B531-7C9EE2B815D3}.AppStore|iPhone.ActiveCfg = Release|Any CPU
		{1F295886-509F-4FBC-B531-7C9EE2B815D3}.AppStore|iPhone.Build.0 = Release|Any CPU
		{1F295886-509F-4FBC-B531-7C9EE2B815D3}.AppStore|iPhoneSimulator.ActiveCfg = Release|Any CPU
		{1F295886-509F-4FBC-B531-7C9EE2B815D3}.AppStore|iPhoneSimulator.Build.0 = Release|Any CPU
		{1F295886-509F-4FBC-B531-7C9EE2B815D3}.AppStore|x64.ActiveCfg = Release|Any CPU
		{1F295886-509F-4FBC-B531-7C9EE2B815D3}.AppStore|x64.Build.0 = Release|Any CPU
		{1F295886-509F-4FBC-B531-7C9EE2B815D3}.AppStore|x86.ActiveCfg = Release|Any CPU
		{1F295886-509F-4FBC-B531-7C9EE2B815D3}.AppStore|x86.Build.0 = Release|Any CPU
		{1F295886-509F-4FBC-B531-7C9EE2B815D3}.Debug|Any CPU.ActiveCfg = Debug|Any CPU
		{1F295886-509F-4FBC-B531-7C9EE2B815D3}.Debug|Any CPU.Build.0 = Debug|Any CPU
		{1F295886-509F-4FBC-B531-7C9EE2B815D3}.Debug|ARM.ActiveCfg = Debug|Any CPU
		{1F295886-509F-4FBC-B531-7C9EE2B815D3}.Debug|ARM.Build.0 = Debug|Any CPU
		{1F295886-509F-4FBC-B531-7C9EE2B815D3}.Debug|iPhone.ActiveCfg = Debug|Any CPU
		{1F295886-509F-4FBC-B531-7C9EE2B815D3}.Debug|iPhone.Build.0 = Debug|Any CPU
		{1F295886-509F-4FBC-B531-7C9EE2B815D3}.Debug|iPhoneSimulator.ActiveCfg = Debug|Any CPU
		{1F295886-509F-4FBC-B531-7C9EE2B815D3}.Debug|iPhoneSimulator.Build.0 = Debug|Any CPU
		{1F295886-509F-4FBC-B531-7C9EE2B815D3}.Debug|x64.ActiveCfg = Debug|Any CPU
		{1F295886-509F-4FBC-B531-7C9EE2B815D3}.Debug|x64.Build.0 = Debug|Any CPU
		{1F295886-509F-4FBC-B531-7C9EE2B815D3}.Debug|x86.ActiveCfg = Debug|Any CPU
		{1F295886-509F-4FBC-B531-7C9EE2B815D3}.Debug|x86.Build.0 = Debug|Any CPU
		{1F295886-509F-4FBC-B531-7C9EE2B815D3}.Release|Any CPU.ActiveCfg = Release|Any CPU
		{1F295886-509F-4FBC-B531-7C9EE2B815D3}.Release|Any CPU.Build.0 = Release|Any CPU
		{1F295886-509F-4FBC-B531-7C9EE2B815D3}.Release|ARM.ActiveCfg = Release|Any CPU
		{1F295886-509F-4FBC-B531-7C9EE2B815D3}.Release|ARM.Build.0 = Release|Any CPU
		{1F295886-509F-4FBC-B531-7C9EE2B815D3}.Release|iPhone.ActiveCfg = Release|Any CPU
		{1F295886-509F-4FBC-B531-7C9EE2B815D3}.Release|iPhone.Build.0 = Release|Any CPU
		{1F295886-509F-4FBC-B531-7C9EE2B815D3}.Release|iPhoneSimulator.ActiveCfg = Release|Any CPU
		{1F295886-509F-4FBC-B531-7C9EE2B815D3}.Release|iPhoneSimulator.Build.0 = Release|Any CPU
		{1F295886-509F-4FBC-B531-7C9EE2B815D3}.Release|x64.ActiveCfg = Release|Any CPU
		{1F295886-509F-4FBC-B531-7C9EE2B815D3}.Release|x64.Build.0 = Release|Any CPU
		{1F295886-509F-4FBC-B531-7C9EE2B815D3}.Release|x86.ActiveCfg = Release|Any CPU
		{1F295886-509F-4FBC-B531-7C9EE2B815D3}.Release|x86.Build.0 = Release|Any CPU
		{D18CE096-29F0-4079-A80B-0F1F2F076241}.Ad-Hoc|Any CPU.ActiveCfg = Release|Any CPU
		{D18CE096-29F0-4079-A80B-0F1F2F076241}.Ad-Hoc|Any CPU.Build.0 = Release|Any CPU
		{D18CE096-29F0-4079-A80B-0F1F2F076241}.Ad-Hoc|ARM.ActiveCfg = Release|Any CPU
		{D18CE096-29F0-4079-A80B-0F1F2F076241}.Ad-Hoc|ARM.Build.0 = Release|Any CPU
		{D18CE096-29F0-4079-A80B-0F1F2F076241}.Ad-Hoc|iPhone.ActiveCfg = Release|Any CPU
		{D18CE096-29F0-4079-A80B-0F1F2F076241}.Ad-Hoc|iPhone.Build.0 = Release|Any CPU
		{D18CE096-29F0-4079-A80B-0F1F2F076241}.Ad-Hoc|iPhoneSimulator.ActiveCfg = Release|Any CPU
		{D18CE096-29F0-4079-A80B-0F1F2F076241}.Ad-Hoc|iPhoneSimulator.Build.0 = Release|Any CPU
		{D18CE096-29F0-4079-A80B-0F1F2F076241}.Ad-Hoc|x64.ActiveCfg = Release|Any CPU
		{D18CE096-29F0-4079-A80B-0F1F2F076241}.Ad-Hoc|x64.Build.0 = Release|Any CPU
		{D18CE096-29F0-4079-A80B-0F1F2F076241}.Ad-Hoc|x86.ActiveCfg = Release|Any CPU
		{D18CE096-29F0-4079-A80B-0F1F2F076241}.Ad-Hoc|x86.Build.0 = Release|Any CPU
		{D18CE096-29F0-4079-A80B-0F1F2F076241}.AppStore|Any CPU.ActiveCfg = Release|Any CPU
		{D18CE096-29F0-4079-A80B-0F1F2F076241}.AppStore|Any CPU.Build.0 = Release|Any CPU
		{D18CE096-29F0-4079-A80B-0F1F2F076241}.AppStore|ARM.ActiveCfg = Release|Any CPU
		{D18CE096-29F0-4079-A80B-0F1F2F076241}.AppStore|ARM.Build.0 = Release|Any CPU
		{D18CE096-29F0-4079-A80B-0F1F2F076241}.AppStore|iPhone.ActiveCfg = Release|Any CPU
		{D18CE096-29F0-4079-A80B-0F1F2F076241}.AppStore|iPhone.Build.0 = Release|Any CPU
		{D18CE096-29F0-4079-A80B-0F1F2F076241}.AppStore|iPhoneSimulator.ActiveCfg = Release|Any CPU
		{D18CE096-29F0-4079-A80B-0F1F2F076241}.AppStore|iPhoneSimulator.Build.0 = Release|Any CPU
		{D18CE096-29F0-4079-A80B-0F1F2F076241}.AppStore|x64.ActiveCfg = Release|Any CPU
		{D18CE096-29F0-4079-A80B-0F1F2F076241}.AppStore|x64.Build.0 = Release|Any CPU
		{D18CE096-29F0-4079-A80B-0F1F2F076241}.AppStore|x86.ActiveCfg = Release|Any CPU
		{D18CE096-29F0-4079-A80B-0F1F2F076241}.AppStore|x86.Build.0 = Release|Any CPU
		{D18CE096-29F0-4079-A80B-0F1F2F076241}.Debug|Any CPU.ActiveCfg = Debug|Any CPU
		{D18CE096-29F0-4079-A80B-0F1F2F076241}.Debug|Any CPU.Build.0 = Debug|Any CPU
		{D18CE096-29F0-4079-A80B-0F1F2F076241}.Debug|ARM.ActiveCfg = Debug|Any CPU
		{D18CE096-29F0-4079-A80B-0F1F2F076241}.Debug|ARM.Build.0 = Debug|Any CPU
		{D18CE096-29F0-4079-A80B-0F1F2F076241}.Debug|iPhone.ActiveCfg = Debug|Any CPU
		{D18CE096-29F0-4079-A80B-0F1F2F076241}.Debug|iPhone.Build.0 = Debug|Any CPU
		{D18CE096-29F0-4079-A80B-0F1F2F076241}.Debug|iPhoneSimulator.ActiveCfg = Debug|Any CPU
		{D18CE096-29F0-4079-A80B-0F1F2F076241}.Debug|iPhoneSimulator.Build.0 = Debug|Any CPU
		{D18CE096-29F0-4079-A80B-0F1F2F076241}.Debug|x64.ActiveCfg = Debug|Any CPU
		{D18CE096-29F0-4079-A80B-0F1F2F076241}.Debug|x64.Build.0 = Debug|Any CPU
		{D18CE096-29F0-4079-A80B-0F1F2F076241}.Debug|x86.ActiveCfg = Debug|Any CPU
		{D18CE096-29F0-4079-A80B-0F1F2F076241}.Debug|x86.Build.0 = Debug|Any CPU
		{D18CE096-29F0-4079-A80B-0F1F2F076241}.Release|Any CPU.ActiveCfg = Release|Any CPU
		{D18CE096-29F0-4079-A80B-0F1F2F076241}.Release|Any CPU.Build.0 = Release|Any CPU
		{D18CE096-29F0-4079-A80B-0F1F2F076241}.Release|ARM.ActiveCfg = Release|Any CPU
		{D18CE096-29F0-4079-A80B-0F1F2F076241}.Release|ARM.Build.0 = Release|Any CPU
		{D18CE096-29F0-4079-A80B-0F1F2F076241}.Release|iPhone.ActiveCfg = Release|Any CPU
		{D18CE096-29F0-4079-A80B-0F1F2F076241}.Release|iPhone.Build.0 = Release|Any CPU
		{D18CE096-29F0-4079-A80B-0F1F2F076241}.Release|iPhoneSimulator.ActiveCfg = Release|Any CPU
		{D18CE096-29F0-4079-A80B-0F1F2F076241}.Release|iPhoneSimulator.Build.0 = Release|Any CPU
		{D18CE096-29F0-4079-A80B-0F1F2F076241}.Release|x64.ActiveCfg = Release|Any CPU
		{D18CE096-29F0-4079-A80B-0F1F2F076241}.Release|x64.Build.0 = Release|Any CPU
		{D18CE096-29F0-4079-A80B-0F1F2F076241}.Release|x86.ActiveCfg = Release|Any CPU
		{D18CE096-29F0-4079-A80B-0F1F2F076241}.Release|x86.Build.0 = Release|Any CPU
		{08FDEBD6-AB71-4D72-9868-EB715215C19A}.Ad-Hoc|Any CPU.ActiveCfg = Release|Any CPU
		{08FDEBD6-AB71-4D72-9868-EB715215C19A}.Ad-Hoc|Any CPU.Build.0 = Release|Any CPU
		{08FDEBD6-AB71-4D72-9868-EB715215C19A}.Ad-Hoc|Any CPU.Deploy.0 = Release|Any CPU
		{08FDEBD6-AB71-4D72-9868-EB715215C19A}.Ad-Hoc|ARM.ActiveCfg = Release|Any CPU
		{08FDEBD6-AB71-4D72-9868-EB715215C19A}.Ad-Hoc|ARM.Build.0 = Release|Any CPU
		{08FDEBD6-AB71-4D72-9868-EB715215C19A}.Ad-Hoc|ARM.Deploy.0 = Release|Any CPU
		{08FDEBD6-AB71-4D72-9868-EB715215C19A}.Ad-Hoc|iPhone.ActiveCfg = Release|Any CPU
		{08FDEBD6-AB71-4D72-9868-EB715215C19A}.Ad-Hoc|iPhone.Build.0 = Release|Any CPU
		{08FDEBD6-AB71-4D72-9868-EB715215C19A}.Ad-Hoc|iPhone.Deploy.0 = Release|Any CPU
		{08FDEBD6-AB71-4D72-9868-EB715215C19A}.Ad-Hoc|iPhoneSimulator.ActiveCfg = Release|Any CPU
		{08FDEBD6-AB71-4D72-9868-EB715215C19A}.Ad-Hoc|iPhoneSimulator.Build.0 = Release|Any CPU
		{08FDEBD6-AB71-4D72-9868-EB715215C19A}.Ad-Hoc|iPhoneSimulator.Deploy.0 = Release|Any CPU
		{08FDEBD6-AB71-4D72-9868-EB715215C19A}.Ad-Hoc|x64.ActiveCfg = Release|Any CPU
		{08FDEBD6-AB71-4D72-9868-EB715215C19A}.Ad-Hoc|x64.Build.0 = Release|Any CPU
		{08FDEBD6-AB71-4D72-9868-EB715215C19A}.Ad-Hoc|x64.Deploy.0 = Release|Any CPU
		{08FDEBD6-AB71-4D72-9868-EB715215C19A}.Ad-Hoc|x86.ActiveCfg = Release|Any CPU
		{08FDEBD6-AB71-4D72-9868-EB715215C19A}.Ad-Hoc|x86.Build.0 = Release|Any CPU
		{08FDEBD6-AB71-4D72-9868-EB715215C19A}.Ad-Hoc|x86.Deploy.0 = Release|Any CPU
		{08FDEBD6-AB71-4D72-9868-EB715215C19A}.AppStore|Any CPU.ActiveCfg = Release|Any CPU
		{08FDEBD6-AB71-4D72-9868-EB715215C19A}.AppStore|Any CPU.Build.0 = Release|Any CPU
		{08FDEBD6-AB71-4D72-9868-EB715215C19A}.AppStore|Any CPU.Deploy.0 = Release|Any CPU
		{08FDEBD6-AB71-4D72-9868-EB715215C19A}.AppStore|ARM.ActiveCfg = Release|Any CPU
		{08FDEBD6-AB71-4D72-9868-EB715215C19A}.AppStore|ARM.Build.0 = Release|Any CPU
		{08FDEBD6-AB71-4D72-9868-EB715215C19A}.AppStore|ARM.Deploy.0 = Release|Any CPU
		{08FDEBD6-AB71-4D72-9868-EB715215C19A}.AppStore|iPhone.ActiveCfg = Release|Any CPU
		{08FDEBD6-AB71-4D72-9868-EB715215C19A}.AppStore|iPhone.Build.0 = Release|Any CPU
		{08FDEBD6-AB71-4D72-9868-EB715215C19A}.AppStore|iPhone.Deploy.0 = Release|Any CPU
		{08FDEBD6-AB71-4D72-9868-EB715215C19A}.AppStore|iPhoneSimulator.ActiveCfg = Release|Any CPU
		{08FDEBD6-AB71-4D72-9868-EB715215C19A}.AppStore|iPhoneSimulator.Build.0 = Release|Any CPU
		{08FDEBD6-AB71-4D72-9868-EB715215C19A}.AppStore|iPhoneSimulator.Deploy.0 = Release|Any CPU
		{08FDEBD6-AB71-4D72-9868-EB715215C19A}.AppStore|x64.ActiveCfg = Release|Any CPU
		{08FDEBD6-AB71-4D72-9868-EB715215C19A}.AppStore|x64.Build.0 = Release|Any CPU
		{08FDEBD6-AB71-4D72-9868-EB715215C19A}.AppStore|x64.Deploy.0 = Release|Any CPU
		{08FDEBD6-AB71-4D72-9868-EB715215C19A}.AppStore|x86.ActiveCfg = Release|Any CPU
		{08FDEBD6-AB71-4D72-9868-EB715215C19A}.AppStore|x86.Build.0 = Release|Any CPU
		{08FDEBD6-AB71-4D72-9868-EB715215C19A}.AppStore|x86.Deploy.0 = Release|Any CPU
		{08FDEBD6-AB71-4D72-9868-EB715215C19A}.Debug|Any CPU.ActiveCfg = Debug|Any CPU
		{08FDEBD6-AB71-4D72-9868-EB715215C19A}.Debug|Any CPU.Build.0 = Debug|Any CPU
		{08FDEBD6-AB71-4D72-9868-EB715215C19A}.Debug|Any CPU.Deploy.0 = Debug|Any CPU
		{08FDEBD6-AB71-4D72-9868-EB715215C19A}.Debug|ARM.ActiveCfg = Debug|Any CPU
		{08FDEBD6-AB71-4D72-9868-EB715215C19A}.Debug|ARM.Build.0 = Debug|Any CPU
		{08FDEBD6-AB71-4D72-9868-EB715215C19A}.Debug|ARM.Deploy.0 = Debug|Any CPU
		{08FDEBD6-AB71-4D72-9868-EB715215C19A}.Debug|iPhone.ActiveCfg = Debug|Any CPU
		{08FDEBD6-AB71-4D72-9868-EB715215C19A}.Debug|iPhone.Build.0 = Debug|Any CPU
		{08FDEBD6-AB71-4D72-9868-EB715215C19A}.Debug|iPhone.Deploy.0 = Debug|Any CPU
		{08FDEBD6-AB71-4D72-9868-EB715215C19A}.Debug|iPhoneSimulator.ActiveCfg = Debug|Any CPU
		{08FDEBD6-AB71-4D72-9868-EB715215C19A}.Debug|iPhoneSimulator.Build.0 = Debug|Any CPU
		{08FDEBD6-AB71-4D72-9868-EB715215C19A}.Debug|iPhoneSimulator.Deploy.0 = Debug|Any CPU
		{08FDEBD6-AB71-4D72-9868-EB715215C19A}.Debug|x64.ActiveCfg = Debug|Any CPU
		{08FDEBD6-AB71-4D72-9868-EB715215C19A}.Debug|x64.Build.0 = Debug|Any CPU
		{08FDEBD6-AB71-4D72-9868-EB715215C19A}.Debug|x64.Deploy.0 = Debug|Any CPU
		{08FDEBD6-AB71-4D72-9868-EB715215C19A}.Debug|x86.ActiveCfg = Debug|Any CPU
		{08FDEBD6-AB71-4D72-9868-EB715215C19A}.Debug|x86.Build.0 = Debug|Any CPU
		{08FDEBD6-AB71-4D72-9868-EB715215C19A}.Debug|x86.Deploy.0 = Debug|Any CPU
		{08FDEBD6-AB71-4D72-9868-EB715215C19A}.Release|Any CPU.ActiveCfg = Release|Any CPU
		{08FDEBD6-AB71-4D72-9868-EB715215C19A}.Release|Any CPU.Build.0 = Release|Any CPU
		{08FDEBD6-AB71-4D72-9868-EB715215C19A}.Release|Any CPU.Deploy.0 = Release|Any CPU
		{08FDEBD6-AB71-4D72-9868-EB715215C19A}.Release|ARM.ActiveCfg = Release|Any CPU
		{08FDEBD6-AB71-4D72-9868-EB715215C19A}.Release|ARM.Build.0 = Release|Any CPU
		{08FDEBD6-AB71-4D72-9868-EB715215C19A}.Release|ARM.Deploy.0 = Release|Any CPU
		{08FDEBD6-AB71-4D72-9868-EB715215C19A}.Release|iPhone.ActiveCfg = Release|Any CPU
		{08FDEBD6-AB71-4D72-9868-EB715215C19A}.Release|iPhone.Build.0 = Release|Any CPU
		{08FDEBD6-AB71-4D72-9868-EB715215C19A}.Release|iPhone.Deploy.0 = Release|Any CPU
		{08FDEBD6-AB71-4D72-9868-EB715215C19A}.Release|iPhoneSimulator.ActiveCfg = Release|Any CPU
		{08FDEBD6-AB71-4D72-9868-EB715215C19A}.Release|iPhoneSimulator.Build.0 = Release|Any CPU
		{08FDEBD6-AB71-4D72-9868-EB715215C19A}.Release|iPhoneSimulator.Deploy.0 = Release|Any CPU
		{08FDEBD6-AB71-4D72-9868-EB715215C19A}.Release|x64.ActiveCfg = Release|Any CPU
		{08FDEBD6-AB71-4D72-9868-EB715215C19A}.Release|x64.Build.0 = Release|Any CPU
		{08FDEBD6-AB71-4D72-9868-EB715215C19A}.Release|x64.Deploy.0 = Release|Any CPU
		{08FDEBD6-AB71-4D72-9868-EB715215C19A}.Release|x86.ActiveCfg = Release|Any CPU
		{08FDEBD6-AB71-4D72-9868-EB715215C19A}.Release|x86.Build.0 = Release|Any CPU
		{08FDEBD6-AB71-4D72-9868-EB715215C19A}.Release|x86.Deploy.0 = Release|Any CPU
		{7FE63E0C-A483-475F-81FC-DB5DCBA7C8FF}.Ad-Hoc|Any CPU.ActiveCfg = Ad-Hoc|iPhone
		{7FE63E0C-A483-475F-81FC-DB5DCBA7C8FF}.Ad-Hoc|ARM.ActiveCfg = Ad-Hoc|iPhone
		{7FE63E0C-A483-475F-81FC-DB5DCBA7C8FF}.Ad-Hoc|iPhone.ActiveCfg = Ad-Hoc|iPhone
		{7FE63E0C-A483-475F-81FC-DB5DCBA7C8FF}.Ad-Hoc|iPhone.Build.0 = Ad-Hoc|iPhone
		{7FE63E0C-A483-475F-81FC-DB5DCBA7C8FF}.Ad-Hoc|iPhoneSimulator.ActiveCfg = Ad-Hoc|iPhoneSimulator
		{7FE63E0C-A483-475F-81FC-DB5DCBA7C8FF}.Ad-Hoc|iPhoneSimulator.Build.0 = Ad-Hoc|iPhoneSimulator
		{7FE63E0C-A483-475F-81FC-DB5DCBA7C8FF}.Ad-Hoc|x64.ActiveCfg = Ad-Hoc|iPhone
		{7FE63E0C-A483-475F-81FC-DB5DCBA7C8FF}.Ad-Hoc|x86.ActiveCfg = Ad-Hoc|iPhone
		{7FE63E0C-A483-475F-81FC-DB5DCBA7C8FF}.AppStore|Any CPU.ActiveCfg = AppStore|iPhone
		{7FE63E0C-A483-475F-81FC-DB5DCBA7C8FF}.AppStore|ARM.ActiveCfg = AppStore|iPhone
		{7FE63E0C-A483-475F-81FC-DB5DCBA7C8FF}.AppStore|iPhone.ActiveCfg = AppStore|iPhone
		{7FE63E0C-A483-475F-81FC-DB5DCBA7C8FF}.AppStore|iPhone.Build.0 = AppStore|iPhone
		{7FE63E0C-A483-475F-81FC-DB5DCBA7C8FF}.AppStore|iPhoneSimulator.ActiveCfg = AppStore|iPhoneSimulator
		{7FE63E0C-A483-475F-81FC-DB5DCBA7C8FF}.AppStore|iPhoneSimulator.Build.0 = AppStore|iPhoneSimulator
		{7FE63E0C-A483-475F-81FC-DB5DCBA7C8FF}.AppStore|x64.ActiveCfg = AppStore|iPhone
		{7FE63E0C-A483-475F-81FC-DB5DCBA7C8FF}.AppStore|x86.ActiveCfg = AppStore|iPhone
		{7FE63E0C-A483-475F-81FC-DB5DCBA7C8FF}.Debug|Any CPU.ActiveCfg = Debug|iPhone
		{7FE63E0C-A483-475F-81FC-DB5DCBA7C8FF}.Debug|ARM.ActiveCfg = Debug|iPhone
		{7FE63E0C-A483-475F-81FC-DB5DCBA7C8FF}.Debug|iPhone.ActiveCfg = Debug|iPhone
		{7FE63E0C-A483-475F-81FC-DB5DCBA7C8FF}.Debug|iPhone.Build.0 = Debug|iPhone
		{7FE63E0C-A483-475F-81FC-DB5DCBA7C8FF}.Debug|iPhoneSimulator.ActiveCfg = Debug|iPhoneSimulator
		{7FE63E0C-A483-475F-81FC-DB5DCBA7C8FF}.Debug|iPhoneSimulator.Build.0 = Debug|iPhoneSimulator
		{7FE63E0C-A483-475F-81FC-DB5DCBA7C8FF}.Debug|x64.ActiveCfg = Debug|iPhone
		{7FE63E0C-A483-475F-81FC-DB5DCBA7C8FF}.Debug|x86.ActiveCfg = Debug|iPhone
		{7FE63E0C-A483-475F-81FC-DB5DCBA7C8FF}.Release|Any CPU.ActiveCfg = Release|iPhone
		{7FE63E0C-A483-475F-81FC-DB5DCBA7C8FF}.Release|ARM.ActiveCfg = Release|iPhone
		{7FE63E0C-A483-475F-81FC-DB5DCBA7C8FF}.Release|iPhone.ActiveCfg = Release|iPhone
		{7FE63E0C-A483-475F-81FC-DB5DCBA7C8FF}.Release|iPhone.Build.0 = Release|iPhone
		{7FE63E0C-A483-475F-81FC-DB5DCBA7C8FF}.Release|iPhoneSimulator.ActiveCfg = Release|iPhoneSimulator
		{7FE63E0C-A483-475F-81FC-DB5DCBA7C8FF}.Release|iPhoneSimulator.Build.0 = Release|iPhoneSimulator
		{7FE63E0C-A483-475F-81FC-DB5DCBA7C8FF}.Release|x64.ActiveCfg = Release|iPhone
		{7FE63E0C-A483-475F-81FC-DB5DCBA7C8FF}.Release|x86.ActiveCfg = Release|iPhone
		{5AFD6CEF-6672-4E25-97B3-2BC412299C92}.Ad-Hoc|Any CPU.ActiveCfg = Release|x86
		{5AFD6CEF-6672-4E25-97B3-2BC412299C92}.Ad-Hoc|Any CPU.Build.0 = Release|x86
		{5AFD6CEF-6672-4E25-97B3-2BC412299C92}.Ad-Hoc|Any CPU.Deploy.0 = Release|x86
		{5AFD6CEF-6672-4E25-97B3-2BC412299C92}.Ad-Hoc|ARM.ActiveCfg = Release|ARM
		{5AFD6CEF-6672-4E25-97B3-2BC412299C92}.Ad-Hoc|ARM.Build.0 = Release|ARM
		{5AFD6CEF-6672-4E25-97B3-2BC412299C92}.Ad-Hoc|ARM.Deploy.0 = Release|ARM
		{5AFD6CEF-6672-4E25-97B3-2BC412299C92}.Ad-Hoc|iPhone.ActiveCfg = Release|x86
		{5AFD6CEF-6672-4E25-97B3-2BC412299C92}.Ad-Hoc|iPhone.Build.0 = Release|x86
		{5AFD6CEF-6672-4E25-97B3-2BC412299C92}.Ad-Hoc|iPhone.Deploy.0 = Release|x86
		{5AFD6CEF-6672-4E25-97B3-2BC412299C92}.Ad-Hoc|iPhoneSimulator.ActiveCfg = Release|x86
		{5AFD6CEF-6672-4E25-97B3-2BC412299C92}.Ad-Hoc|iPhoneSimulator.Build.0 = Release|x86
		{5AFD6CEF-6672-4E25-97B3-2BC412299C92}.Ad-Hoc|iPhoneSimulator.Deploy.0 = Release|x86
		{5AFD6CEF-6672-4E25-97B3-2BC412299C92}.Ad-Hoc|x64.ActiveCfg = Release|x64
		{5AFD6CEF-6672-4E25-97B3-2BC412299C92}.Ad-Hoc|x64.Build.0 = Release|x64
		{5AFD6CEF-6672-4E25-97B3-2BC412299C92}.Ad-Hoc|x64.Deploy.0 = Release|x64
		{5AFD6CEF-6672-4E25-97B3-2BC412299C92}.Ad-Hoc|x86.ActiveCfg = Release|x86
		{5AFD6CEF-6672-4E25-97B3-2BC412299C92}.Ad-Hoc|x86.Build.0 = Release|x86
		{5AFD6CEF-6672-4E25-97B3-2BC412299C92}.Ad-Hoc|x86.Deploy.0 = Release|x86
		{5AFD6CEF-6672-4E25-97B3-2BC412299C92}.AppStore|Any CPU.ActiveCfg = Release|x86
		{5AFD6CEF-6672-4E25-97B3-2BC412299C92}.AppStore|Any CPU.Build.0 = Release|x86
		{5AFD6CEF-6672-4E25-97B3-2BC412299C92}.AppStore|Any CPU.Deploy.0 = Release|x86
		{5AFD6CEF-6672-4E25-97B3-2BC412299C92}.AppStore|ARM.ActiveCfg = Release|ARM
		{5AFD6CEF-6672-4E25-97B3-2BC412299C92}.AppStore|ARM.Build.0 = Release|ARM
		{5AFD6CEF-6672-4E25-97B3-2BC412299C92}.AppStore|ARM.Deploy.0 = Release|ARM
		{5AFD6CEF-6672-4E25-97B3-2BC412299C92}.AppStore|iPhone.ActiveCfg = Release|x86
		{5AFD6CEF-6672-4E25-97B3-2BC412299C92}.AppStore|iPhone.Build.0 = Release|x86
		{5AFD6CEF-6672-4E25-97B3-2BC412299C92}.AppStore|iPhone.Deploy.0 = Release|x86
		{5AFD6CEF-6672-4E25-97B3-2BC412299C92}.AppStore|iPhoneSimulator.ActiveCfg = Release|x86
		{5AFD6CEF-6672-4E25-97B3-2BC412299C92}.AppStore|iPhoneSimulator.Build.0 = Release|x86
		{5AFD6CEF-6672-4E25-97B3-2BC412299C92}.AppStore|iPhoneSimulator.Deploy.0 = Release|x86
		{5AFD6CEF-6672-4E25-97B3-2BC412299C92}.AppStore|x64.ActiveCfg = Release|x64
		{5AFD6CEF-6672-4E25-97B3-2BC412299C92}.AppStore|x64.Build.0 = Release|x64
		{5AFD6CEF-6672-4E25-97B3-2BC412299C92}.AppStore|x64.Deploy.0 = Release|x64
		{5AFD6CEF-6672-4E25-97B3-2BC412299C92}.AppStore|x86.ActiveCfg = Release|x86
		{5AFD6CEF-6672-4E25-97B3-2BC412299C92}.AppStore|x86.Build.0 = Release|x86
		{5AFD6CEF-6672-4E25-97B3-2BC412299C92}.AppStore|x86.Deploy.0 = Release|x86
		{5AFD6CEF-6672-4E25-97B3-2BC412299C92}.Debug|Any CPU.ActiveCfg = Debug|x86
		{5AFD6CEF-6672-4E25-97B3-2BC412299C92}.Debug|ARM.ActiveCfg = Debug|ARM
		{5AFD6CEF-6672-4E25-97B3-2BC412299C92}.Debug|ARM.Build.0 = Debug|ARM
		{5AFD6CEF-6672-4E25-97B3-2BC412299C92}.Debug|ARM.Deploy.0 = Debug|ARM
		{5AFD6CEF-6672-4E25-97B3-2BC412299C92}.Debug|iPhone.ActiveCfg = Debug|x86
		{5AFD6CEF-6672-4E25-97B3-2BC412299C92}.Debug|iPhoneSimulator.ActiveCfg = Debug|x86
		{5AFD6CEF-6672-4E25-97B3-2BC412299C92}.Debug|x64.ActiveCfg = Debug|x64
		{5AFD6CEF-6672-4E25-97B3-2BC412299C92}.Debug|x64.Build.0 = Debug|x64
		{5AFD6CEF-6672-4E25-97B3-2BC412299C92}.Debug|x64.Deploy.0 = Debug|x64
		{5AFD6CEF-6672-4E25-97B3-2BC412299C92}.Debug|x86.ActiveCfg = Debug|x86
		{5AFD6CEF-6672-4E25-97B3-2BC412299C92}.Debug|x86.Build.0 = Debug|x86
		{5AFD6CEF-6672-4E25-97B3-2BC412299C92}.Debug|x86.Deploy.0 = Debug|x86
		{5AFD6CEF-6672-4E25-97B3-2BC412299C92}.Release|Any CPU.ActiveCfg = Release|x86
		{5AFD6CEF-6672-4E25-97B3-2BC412299C92}.Release|ARM.ActiveCfg = Release|ARM
		{5AFD6CEF-6672-4E25-97B3-2BC412299C92}.Release|ARM.Build.0 = Release|ARM
		{5AFD6CEF-6672-4E25-97B3-2BC412299C92}.Release|ARM.Deploy.0 = Release|ARM
		{5AFD6CEF-6672-4E25-97B3-2BC412299C92}.Release|iPhone.ActiveCfg = Release|x86
		{5AFD6CEF-6672-4E25-97B3-2BC412299C92}.Release|iPhoneSimulator.ActiveCfg = Release|x86
		{5AFD6CEF-6672-4E25-97B3-2BC412299C92}.Release|x64.ActiveCfg = Release|x64
		{5AFD6CEF-6672-4E25-97B3-2BC412299C92}.Release|x64.Build.0 = Release|x64
		{5AFD6CEF-6672-4E25-97B3-2BC412299C92}.Release|x64.Deploy.0 = Release|x64
		{5AFD6CEF-6672-4E25-97B3-2BC412299C92}.Release|x86.ActiveCfg = Release|x86
		{5AFD6CEF-6672-4E25-97B3-2BC412299C92}.Release|x86.Build.0 = Release|x86
		{5AFD6CEF-6672-4E25-97B3-2BC412299C92}.Release|x86.Deploy.0 = Release|x86
		{1CEBE1FA-E1CD-42D8-815E-D5B7BD3428B3}.Ad-Hoc|Any CPU.ActiveCfg = Debug|Any CPU
		{1CEBE1FA-E1CD-42D8-815E-D5B7BD3428B3}.Ad-Hoc|Any CPU.Build.0 = Debug|Any CPU
		{1CEBE1FA-E1CD-42D8-815E-D5B7BD3428B3}.Ad-Hoc|ARM.ActiveCfg = Debug|Any CPU
		{1CEBE1FA-E1CD-42D8-815E-D5B7BD3428B3}.Ad-Hoc|ARM.Build.0 = Debug|Any CPU
		{1CEBE1FA-E1CD-42D8-815E-D5B7BD3428B3}.Ad-Hoc|iPhone.ActiveCfg = Debug|Any CPU
		{1CEBE1FA-E1CD-42D8-815E-D5B7BD3428B3}.Ad-Hoc|iPhone.Build.0 = Debug|Any CPU
		{1CEBE1FA-E1CD-42D8-815E-D5B7BD3428B3}.Ad-Hoc|iPhoneSimulator.ActiveCfg = Debug|Any CPU
		{1CEBE1FA-E1CD-42D8-815E-D5B7BD3428B3}.Ad-Hoc|iPhoneSimulator.Build.0 = Debug|Any CPU
		{1CEBE1FA-E1CD-42D8-815E-D5B7BD3428B3}.Ad-Hoc|x64.ActiveCfg = Debug|Any CPU
		{1CEBE1FA-E1CD-42D8-815E-D5B7BD3428B3}.Ad-Hoc|x64.Build.0 = Debug|Any CPU
		{1CEBE1FA-E1CD-42D8-815E-D5B7BD3428B3}.Ad-Hoc|x86.ActiveCfg = Debug|Any CPU
		{1CEBE1FA-E1CD-42D8-815E-D5B7BD3428B3}.Ad-Hoc|x86.Build.0 = Debug|Any CPU
		{1CEBE1FA-E1CD-42D8-815E-D5B7BD3428B3}.AppStore|Any CPU.ActiveCfg = Debug|Any CPU
		{1CEBE1FA-E1CD-42D8-815E-D5B7BD3428B3}.AppStore|Any CPU.Build.0 = Debug|Any CPU
		{1CEBE1FA-E1CD-42D8-815E-D5B7BD3428B3}.AppStore|ARM.ActiveCfg = Debug|Any CPU
		{1CEBE1FA-E1CD-42D8-815E-D5B7BD3428B3}.AppStore|ARM.Build.0 = Debug|Any CPU
		{1CEBE1FA-E1CD-42D8-815E-D5B7BD3428B3}.AppStore|iPhone.ActiveCfg = Debug|Any CPU
		{1CEBE1FA-E1CD-42D8-815E-D5B7BD3428B3}.AppStore|iPhone.Build.0 = Debug|Any CPU
		{1CEBE1FA-E1CD-42D8-815E-D5B7BD3428B3}.AppStore|iPhoneSimulator.ActiveCfg = Debug|Any CPU
		{1CEBE1FA-E1CD-42D8-815E-D5B7BD3428B3}.AppStore|iPhoneSimulator.Build.0 = Debug|Any CPU
		{1CEBE1FA-E1CD-42D8-815E-D5B7BD3428B3}.AppStore|x64.ActiveCfg = Debug|Any CPU
		{1CEBE1FA-E1CD-42D8-815E-D5B7BD3428B3}.AppStore|x64.Build.0 = Debug|Any CPU
		{1CEBE1FA-E1CD-42D8-815E-D5B7BD3428B3}.AppStore|x86.ActiveCfg = Debug|Any CPU
		{1CEBE1FA-E1CD-42D8-815E-D5B7BD3428B3}.AppStore|x86.Build.0 = Debug|Any CPU
		{1CEBE1FA-E1CD-42D8-815E-D5B7BD3428B3}.Debug|Any CPU.ActiveCfg = Debug|Any CPU
		{1CEBE1FA-E1CD-42D8-815E-D5B7BD3428B3}.Debug|Any CPU.Build.0 = Debug|Any CPU
		{1CEBE1FA-E1CD-42D8-815E-D5B7BD3428B3}.Debug|ARM.ActiveCfg = Debug|Any CPU
		{1CEBE1FA-E1CD-42D8-815E-D5B7BD3428B3}.Debug|ARM.Build.0 = Debug|Any CPU
		{1CEBE1FA-E1CD-42D8-815E-D5B7BD3428B3}.Debug|iPhone.ActiveCfg = Debug|Any CPU
		{1CEBE1FA-E1CD-42D8-815E-D5B7BD3428B3}.Debug|iPhone.Build.0 = Debug|Any CPU
		{1CEBE1FA-E1CD-42D8-815E-D5B7BD3428B3}.Debug|iPhoneSimulator.ActiveCfg = Debug|Any CPU
		{1CEBE1FA-E1CD-42D8-815E-D5B7BD3428B3}.Debug|iPhoneSimulator.Build.0 = Debug|Any CPU
		{1CEBE1FA-E1CD-42D8-815E-D5B7BD3428B3}.Debug|x64.ActiveCfg = Debug|Any CPU
		{1CEBE1FA-E1CD-42D8-815E-D5B7BD3428B3}.Debug|x64.Build.0 = Debug|Any CPU
		{1CEBE1FA-E1CD-42D8-815E-D5B7BD3428B3}.Debug|x86.ActiveCfg = Debug|Any CPU
		{1CEBE1FA-E1CD-42D8-815E-D5B7BD3428B3}.Debug|x86.Build.0 = Debug|Any CPU
		{1CEBE1FA-E1CD-42D8-815E-D5B7BD3428B3}.Release|Any CPU.ActiveCfg = Release|Any CPU
		{1CEBE1FA-E1CD-42D8-815E-D5B7BD3428B3}.Release|Any CPU.Build.0 = Release|Any CPU
		{1CEBE1FA-E1CD-42D8-815E-D5B7BD3428B3}.Release|ARM.ActiveCfg = Release|Any CPU
		{1CEBE1FA-E1CD-42D8-815E-D5B7BD3428B3}.Release|ARM.Build.0 = Release|Any CPU
		{1CEBE1FA-E1CD-42D8-815E-D5B7BD3428B3}.Release|iPhone.ActiveCfg = Release|Any CPU
		{1CEBE1FA-E1CD-42D8-815E-D5B7BD3428B3}.Release|iPhone.Build.0 = Release|Any CPU
		{1CEBE1FA-E1CD-42D8-815E-D5B7BD3428B3}.Release|iPhoneSimulator.ActiveCfg = Release|Any CPU
		{1CEBE1FA-E1CD-42D8-815E-D5B7BD3428B3}.Release|iPhoneSimulator.Build.0 = Release|Any CPU
		{1CEBE1FA-E1CD-42D8-815E-D5B7BD3428B3}.Release|x64.ActiveCfg = Release|Any CPU
		{1CEBE1FA-E1CD-42D8-815E-D5B7BD3428B3}.Release|x64.Build.0 = Release|Any CPU
		{1CEBE1FA-E1CD-42D8-815E-D5B7BD3428B3}.Release|x86.ActiveCfg = Release|Any CPU
		{1CEBE1FA-E1CD-42D8-815E-D5B7BD3428B3}.Release|x86.Build.0 = Release|Any CPU
		{D315789C-6C77-46E2-BE13-E91A37BBB724}.Ad-Hoc|Any CPU.ActiveCfg = Debug|Any CPU
		{D315789C-6C77-46E2-BE13-E91A37BBB724}.Ad-Hoc|Any CPU.Build.0 = Debug|Any CPU
		{D315789C-6C77-46E2-BE13-E91A37BBB724}.Ad-Hoc|ARM.ActiveCfg = Debug|Any CPU
		{D315789C-6C77-46E2-BE13-E91A37BBB724}.Ad-Hoc|ARM.Build.0 = Debug|Any CPU
		{D315789C-6C77-46E2-BE13-E91A37BBB724}.Ad-Hoc|iPhone.ActiveCfg = Debug|Any CPU
		{D315789C-6C77-46E2-BE13-E91A37BBB724}.Ad-Hoc|iPhone.Build.0 = Debug|Any CPU
		{D315789C-6C77-46E2-BE13-E91A37BBB724}.Ad-Hoc|iPhoneSimulator.ActiveCfg = Debug|Any CPU
		{D315789C-6C77-46E2-BE13-E91A37BBB724}.Ad-Hoc|iPhoneSimulator.Build.0 = Debug|Any CPU
		{D315789C-6C77-46E2-BE13-E91A37BBB724}.Ad-Hoc|x64.ActiveCfg = Debug|Any CPU
		{D315789C-6C77-46E2-BE13-E91A37BBB724}.Ad-Hoc|x64.Build.0 = Debug|Any CPU
		{D315789C-6C77-46E2-BE13-E91A37BBB724}.Ad-Hoc|x86.ActiveCfg = Debug|Any CPU
		{D315789C-6C77-46E2-BE13-E91A37BBB724}.Ad-Hoc|x86.Build.0 = Debug|Any CPU
		{D315789C-6C77-46E2-BE13-E91A37BBB724}.AppStore|Any CPU.ActiveCfg = Debug|Any CPU
		{D315789C-6C77-46E2-BE13-E91A37BBB724}.AppStore|Any CPU.Build.0 = Debug|Any CPU
		{D315789C-6C77-46E2-BE13-E91A37BBB724}.AppStore|ARM.ActiveCfg = Debug|Any CPU
		{D315789C-6C77-46E2-BE13-E91A37BBB724}.AppStore|ARM.Build.0 = Debug|Any CPU
		{D315789C-6C77-46E2-BE13-E91A37BBB724}.AppStore|iPhone.ActiveCfg = Debug|Any CPU
		{D315789C-6C77-46E2-BE13-E91A37BBB724}.AppStore|iPhone.Build.0 = Debug|Any CPU
		{D315789C-6C77-46E2-BE13-E91A37BBB724}.AppStore|iPhoneSimulator.ActiveCfg = Debug|Any CPU
		{D315789C-6C77-46E2-BE13-E91A37BBB724}.AppStore|iPhoneSimulator.Build.0 = Debug|Any CPU
		{D315789C-6C77-46E2-BE13-E91A37BBB724}.AppStore|x64.ActiveCfg = Debug|Any CPU
		{D315789C-6C77-46E2-BE13-E91A37BBB724}.AppStore|x64.Build.0 = Debug|Any CPU
		{D315789C-6C77-46E2-BE13-E91A37BBB724}.AppStore|x86.ActiveCfg = Debug|Any CPU
		{D315789C-6C77-46E2-BE13-E91A37BBB724}.AppStore|x86.Build.0 = Debug|Any CPU
		{D315789C-6C77-46E2-BE13-E91A37BBB724}.Debug|Any CPU.ActiveCfg = Debug|Any CPU
		{D315789C-6C77-46E2-BE13-E91A37BBB724}.Debug|Any CPU.Build.0 = Debug|Any CPU
		{D315789C-6C77-46E2-BE13-E91A37BBB724}.Debug|ARM.ActiveCfg = Debug|Any CPU
		{D315789C-6C77-46E2-BE13-E91A37BBB724}.Debug|ARM.Build.0 = Debug|Any CPU
		{D315789C-6C77-46E2-BE13-E91A37BBB724}.Debug|iPhone.ActiveCfg = Debug|Any CPU
		{D315789C-6C77-46E2-BE13-E91A37BBB724}.Debug|iPhone.Build.0 = Debug|Any CPU
		{D315789C-6C77-46E2-BE13-E91A37BBB724}.Debug|iPhoneSimulator.ActiveCfg = Debug|Any CPU
		{D315789C-6C77-46E2-BE13-E91A37BBB724}.Debug|iPhoneSimulator.Build.0 = Debug|Any CPU
		{D315789C-6C77-46E2-BE13-E91A37BBB724}.Debug|x64.ActiveCfg = Debug|Any CPU
		{D315789C-6C77-46E2-BE13-E91A37BBB724}.Debug|x64.Build.0 = Debug|Any CPU
		{D315789C-6C77-46E2-BE13-E91A37BBB724}.Debug|x86.ActiveCfg = Debug|Any CPU
		{D315789C-6C77-46E2-BE13-E91A37BBB724}.Debug|x86.Build.0 = Debug|Any CPU
		{D315789C-6C77-46E2-BE13-E91A37BBB724}.Release|Any CPU.ActiveCfg = Release|Any CPU
		{D315789C-6C77-46E2-BE13-E91A37BBB724}.Release|Any CPU.Build.0 = Release|Any CPU
		{D315789C-6C77-46E2-BE13-E91A37BBB724}.Release|ARM.ActiveCfg = Release|Any CPU
		{D315789C-6C77-46E2-BE13-E91A37BBB724}.Release|ARM.Build.0 = Release|Any CPU
		{D315789C-6C77-46E2-BE13-E91A37BBB724}.Release|iPhone.ActiveCfg = Release|Any CPU
		{D315789C-6C77-46E2-BE13-E91A37BBB724}.Release|iPhone.Build.0 = Release|Any CPU
		{D315789C-6C77-46E2-BE13-E91A37BBB724}.Release|iPhoneSimulator.ActiveCfg = Release|Any CPU
		{D315789C-6C77-46E2-BE13-E91A37BBB724}.Release|iPhoneSimulator.Build.0 = Release|Any CPU
		{D315789C-6C77-46E2-BE13-E91A37BBB724}.Release|x64.ActiveCfg = Release|Any CPU
		{D315789C-6C77-46E2-BE13-E91A37BBB724}.Release|x64.Build.0 = Release|Any CPU
		{D315789C-6C77-46E2-BE13-E91A37BBB724}.Release|x86.ActiveCfg = Release|Any CPU
		{D315789C-6C77-46E2-BE13-E91A37BBB724}.Release|x86.Build.0 = Release|Any CPU
	EndGlobalSection
	GlobalSection(SolutionProperties) = preSolution
		HideSolutionNode = FALSE
	EndGlobalSection
	GlobalSection(ExtensibilityGlobals) = postSolution
		SolutionGuid = {978BF9B6-9B3C-4A07-8557-0BB89323FCA6}
	EndGlobalSection
EndGlobal
