
Microsoft Visual Studio Solution File, Format Version 12.00
# Visual Studio 15
VisualStudioVersion = 15.0.27428.2015
MinimumVisualStudioVersion = 10.0.40219.1
Project("{FAE04EC0-301F-11D3-BF4B-00C04F79EFBC}") = "Sayranet.WebRTC.Signaling", "Sayranet.WebRTC.Signaling\Sayranet.WebRTC.Signaling.csproj", "{1F295886-509F-4FBC-B531-7C9EE2B815D3}"
EndProject
Project("{FAE04EC0-301F-11D3-BF4B-00C04F79EFBC}") = "Sayranet.WebRTC.WebReact", "Sayranet.WebRTC.WebReact\Sayranet.WebRTC.WebReact.csproj", "{7C365EC5-0352-420B-99AB-BB034E21F5F6}"
EndProject
Global
	GlobalSection(SolutionConfigurationPlatforms) = preSolution
		Debug|Any CPU = Debug|Any CPU
		Release|Any CPU = Release|Any CPU
	EndGlobalSection
	GlobalSection(ProjectConfigurationPlatforms) = postSolution
		{1F295886-509F-4FBC-B531-7C9EE2B815D3}.Debug|Any CPU.ActiveCfg = Debug|Any CPU
		{1F295886-509F-4FBC-B531-7C9EE2B815D3}.Debug|Any CPU.Build.0 = Debug|Any CPU
		{1F295886-509F-4FBC-B531-7C9EE2B815D3}.Release|Any CPU.ActiveCfg = Release|Any CPU
		{1F295886-509F-4FBC-B531-7C9EE2B815D3}.Release|Any CPU.Build.0 = Release|Any CPU
		{7C365EC5-0352-420B-99AB-BB034E21F5F6}.Debug|Any CPU.ActiveCfg = Debug|Any CPU
		{7C365EC5-0352-420B-99AB-BB034E21F5F6}.Debug|Any CPU.Build.0 = Debug|Any CPU
		{7C365EC5-0352-420B-99AB-BB034E21F5F6}.Release|Any CPU.ActiveCfg = Release|Any CPU
		{7C365EC5-0352-420B-99AB-BB034E21F5F6}.Release|Any CPU.Build.0 = Release|Any CPU
	EndGlobalSection
	GlobalSection(SolutionProperties) = preSolution
		HideSolutionNode = FALSE
	EndGlobalSection
	GlobalSection(ExtensibilityGlobals) = postSolution
		SolutionGuid = {978BF9B6-9B3C-4A07-8557-0BB89323FCA6}
	EndGlobalSection
EndGlobal
